<?xml version="1.0" encoding="utf-8"?>
<Project ToolsVersion="4.0" xmlns="http://schemas.microsoft.com/developer/msbuild/2003">
  <ItemGroup>
    <Filter Include="Source Dateien">
      <UniqueIdentifier>{4FC737F1-C7A5-4376-A066-2A32D752A2FF}</UniqueIdentifier>
      <Extensions>cpp;cxx;c;def</Extensions>
    </Filter>
    <Filter Include="Header Dateien">
      <UniqueIdentifier>{93995380-89BD-4b04-88EB-625FBE52EBFB}</UniqueIdentifier>
      <Extensions>h</Extensions>
    </Filter>
    <Filter Include="Form Dateien">
      <UniqueIdentifier>{99349809-55BA-4b9d-BF79-8FDBB0286EB3}</UniqueIdentifier>
      <Extensions>ui</Extensions>
    </Filter>
    <Filter Include="Resource Dateien">
      <UniqueIdentifier>{D9D6E242-F8AF-46E4-B9FD-80ECBC20BA3E}</UniqueIdentifier>
      <Extensions>qrc;*</Extensions>
      <ParseFiles>false</ParseFiles>
    </Filter>
    <Filter Include="Generierte Dateien">
      <UniqueIdentifier>{71ED8ED8-ACB9-4CE9-BBE1-E00B30144E11}</UniqueIdentifier>
      <Extensions>moc;h;cpp</Extensions>
      <SourceControlFiles>False</SourceControlFiles>
    </Filter>
    <Filter Include="Generierte Dateien\Debug">
      <UniqueIdentifier>{caa4501f-b5de-4e03-9910-8b65a5d55d38}</UniqueIdentifier>
      <Extensions>cpp;moc</Extensions>
      <SourceControlFiles>False</SourceControlFiles>
    </Filter>
    <Filter Include="Generierte Dateien\Release">
      <UniqueIdentifier>{bb6a18ab-72ba-4268-8751-ca9216452829}</UniqueIdentifier>
      <Extensions>cpp;moc</Extensions>
      <SourceControlFiles>False</SourceControlFiles>
    </Filter>
    <Filter Include="Generierte Dateien\Test">
      <UniqueIdentifier>{501bfc29-b1e1-4322-a16c-e8a2cf17a55c}</UniqueIdentifier>
      <Extensions>cpp;moc</Extensions>
      <SourceControlFiles>False</SourceControlFiles>
    </Filter>
  </ItemGroup>
  <ItemGroup>
    <ClCompile Include="stdafx.cpp">
      <Filter>Source Dateien</Filter>
    </ClCompile>
    <ClCompile Include="main.cpp">
      <Filter>Source Dateien</Filter>
    </ClCompile>
    <ClCompile Include="GeneratedFiles\qrc_Player.cpp">
      <Filter>Generierte Dateien</Filter>
    </ClCompile>
    <ClCompile Include="ARELScene.cpp">
      <Filter>Source Dateien</Filter>
    </ClCompile>
    <ClCompile Include="NativeScene.cpp">
      <Filter>Source Dateien</Filter>
    </ClCompile>
    <ClCompile Include="SceneBase.cpp">
      <Filter>Source Dateien</Filter>
    </ClCompile>
    <ClCompile Include="ConnectionController.cpp">
      <Filter>Source Dateien</Filter>
    </ClCompile>
    <ClCompile Include="Player.cpp">
      <Filter>Source Dateien</Filter>
    </ClCompile>
    <ClCompile Include="ConnectionControllerTest.cpp">
      <Filter>Source Dateien</Filter>
    </ClCompile>
    <ClCompile Include="GeneratedFiles\Debug\moc_SceneBase.cpp">
      <Filter>Generierte Dateien\Debug</Filter>
    </ClCompile>
    <ClCompile Include="GeneratedFiles\Release\moc_SceneBase.cpp">
      <Filter>Generierte Dateien\Release</Filter>
    </ClCompile>
    <ClCompile Include="GeneratedFiles\Test\moc_SceneBase.cpp">
      <Filter>Generierte Dateien\Test</Filter>
    </ClCompile>
    <ClCompile Include="GeneratedFiles\Debug\moc_Player.cpp">
      <Filter>Generierte Dateien\Debug</Filter>
    </ClCompile>
    <ClCompile Include="GeneratedFiles\Release\moc_Player.cpp">
      <Filter>Generierte Dateien\Release</Filter>
    </ClCompile>
    <ClCompile Include="GeneratedFiles\Test\moc_Player.cpp">
      <Filter>Generierte Dateien\Test</Filter>
    </ClCompile>
    <ClCompile Include="GeneratedFiles\Debug\moc_NativeScene.cpp">
      <Filter>Generierte Dateien\Debug</Filter>
    </ClCompile>
    <ClCompile Include="GeneratedFiles\Release\moc_NativeScene.cpp">
      <Filter>Generierte Dateien\Release</Filter>
    </ClCompile>
    <ClCompile Include="GeneratedFiles\Test\moc_NativeScene.cpp">
      <Filter>Generierte Dateien\Test</Filter>
    </ClCompile>
    <ClCompile Include="GeneratedFiles\Debug\moc_ConnectionController.cpp">
      <Filter>Generierte Dateien\Debug</Filter>
    </ClCompile>
    <ClCompile Include="GeneratedFiles\Release\moc_ConnectionController.cpp">
      <Filter>Generierte Dateien\Release</Filter>
    </ClCompile>
    <ClCompile Include="GeneratedFiles\Test\moc_ConnectionController.cpp">
      <Filter>Generierte Dateien\Test</Filter>
    </ClCompile>
    <ClCompile Include="GeneratedFiles\Debug\moc_ARELScene.cpp">
      <Filter>Generierte Dateien\Debug</Filter>
    </ClCompile>
    <ClCompile Include="GeneratedFiles\Release\moc_ARELScene.cpp">
      <Filter>Generierte Dateien\Release</Filter>
    </ClCompile>
    <ClCompile Include="GeneratedFiles\Test\moc_ARELScene.cpp">
      <Filter>Generierte Dateien\Test</Filter>
    </ClCompile>
  </ItemGroup>
  <ItemGroup>
    <ClInclude Include="stdafx.h">
      <Filter>Header Dateien</Filter>
    </ClInclude>
    <ClInclude Include="GeneratedFiles\ui_Player.h">
      <Filter>Generierte Dateien</Filter>
    </ClInclude>
    <ClInclude Include="ConnectionControllerTest.h">
      <Filter>Header Dateien</Filter>
    </ClInclude>
  </ItemGroup>
  <ItemGroup>
    <CustomBuild Include="Player.h">
      <Filter>Header Dateien</Filter>
    </CustomBuild>
    <CustomBuild Include="Player.ui">
      <Filter>Form Dateien</Filter>
    </CustomBuild>
    <CustomBuild Include="Player.qrc">
      <Filter>Resource Dateien</Filter>
    </CustomBuild>
    <CustomBuild Include="ARELScene.h">
      <Filter>Header Dateien</Filter>
    </CustomBuild>
    <CustomBuild Include="NativeScene.h">
      <Filter>Header Dateien</Filter>
    </CustomBuild>
    <CustomBuild Include="SceneBase.h">
      <Filter>Header Dateien</Filter>
    </CustomBuild>
    <CustomBuild Include="ConnectionController.h">
      <Filter>Header Dateien</Filter>
    </CustomBuild>
  </ItemGroup>
</Project>